
Microsoft Visual Studio Solution File, Format Version 12.00
# Visual Studio 15
VisualStudioVersion = 15.0.28010.2046
MinimumVisualStudioVersion = 10.0.40219.1
Project("{9A19103F-16F7-4668-BE54-9A1E7A4F7556}") = "BackendAlone", "BackendAlone\BackendAlone.csproj", "{34D05198-01CC-47F0-A73F-C88B69C1E692}"
EndProject
Project("{9A19103F-16F7-4668-BE54-9A1E7A4F7556}") = "BackendAlone.Tests", "BackendAlone.Tests\BackendAlone.Tests.csproj", "{23FD6B14-A9A9-4FBB-A3FE-43357824728E}"
EndProject
Project("{9A19103F-16F7-4668-BE54-9A1E7A4F7556}") = "ThirdPartyApi", "ThirdPartyApi\ThirdPartyApi.csproj", "{DB1C8902-C8D4-46AE-BD5E-031B64F1E0F1}"
EndProject
Global
	GlobalSection(SolutionConfigurationPlatforms) = preSolution
		Debug|Any CPU = Debug|Any CPU
		Release|Any CPU = Release|Any CPU
	EndGlobalSection
	GlobalSection(ProjectConfigurationPlatforms) = postSolution
		{34D05198-01CC-47F0-A73F-C88B69C1E692}.Debug|Any CPU.ActiveCfg = Debug|Any CPU
		{34D05198-01CC-47F0-A73F-C88B69C1E692}.Debug|Any CPU.Build.0 = Debug|Any CPU
		{34D05198-01CC-47F0-A73F-C88B69C1E692}.Release|Any CPU.ActiveCfg = Release|Any CPU
		{34D05198-01CC-47F0-A73F-C88B69C1E692}.Release|Any CPU.Build.0 = Release|Any CPU
		{23FD6B14-A9A9-4FBB-A3FE-43357824728E}.Debug|Any CPU.ActiveCfg = Debug|Any CPU
		{23FD6B14-A9A9-4FBB-A3FE-43357824728E}.Debug|Any CPU.Build.0 = Debug|Any CPU
		{23FD6B14-A9A9-4FBB-A3FE-43357824728E}.Release|Any CPU.ActiveCfg = Release|Any CPU
		{23FD6B14-A9A9-4FBB-A3FE-43357824728E}.Release|Any CPU.Build.0 = Release|Any CPU
		{DB1C8902-C8D4-46AE-BD5E-031B64F1E0F1}.Debug|Any CPU.ActiveCfg = Debug|Any CPU
		{DB1C8902-C8D4-46AE-BD5E-031B64F1E0F1}.Debug|Any CPU.Build.0 = Debug|Any CPU
		{DB1C8902-C8D4-46AE-BD5E-031B64F1E0F1}.Release|Any CPU.ActiveCfg = Release|Any CPU
		{DB1C8902-C8D4-46AE-BD5E-031B64F1E0F1}.Release|Any CPU.Build.0 = Release|Any CPU
	EndGlobalSection
	GlobalSection(SolutionProperties) = preSolution
		HideSolutionNode = FALSE
	EndGlobalSection
	GlobalSection(ExtensibilityGlobals) = postSolution
		SolutionGuid = {BED638D0-BEB3-4421-9B25-8D0E5A5569EB}
	EndGlobalSection
EndGlobal
